
Microsoft Visual Studio Solution File, Format Version 12.00
# Visual Studio 14
VisualStudioVersion = 14.0.25420.1
MinimumVisualStudioVersion = 10.0.40219.1
Project("{FAE04EC0-301F-11D3-BF4B-00C04F79EFBC}") = "HelloWorldAPI", "HelloWorldAPI\HelloWorldAPI.csproj", "{857F0CB8-2E2D-4CC3-BD30-622BDE45A99A}"
EndProject
Project("{FAE04EC0-301F-11D3-BF4B-00C04F79EFBC}") = "HelloWorldAPI.Tests", "HelloWorldAPI.Tests\HelloWorldAPI.Tests.csproj", "{266946C8-6DAB-4589-BB8C-B0C3AACA2846}"
EndProject
Global
	GlobalSection(SolutionConfigurationPlatforms) = preSolution
		Debug|Any CPU = Debug|Any CPU
		Release|Any CPU = Release|Any CPU
	EndGlobalSection
	GlobalSection(ProjectConfigurationPlatforms) = postSolution
		{857F0CB8-2E2D-4CC3-BD30-622BDE45A99A}.Debug|Any CPU.ActiveCfg = Debug|Any CPU
		{857F0CB8-2E2D-4CC3-BD30-622BDE45A99A}.Debug|Any CPU.Build.0 = Debug|Any CPU
		{857F0CB8-2E2D-4CC3-BD30-622BDE45A99A}.Release|Any CPU.ActiveCfg = Release|Any CPU
		{857F0CB8-2E2D-4CC3-BD30-622BDE45A99A}.Release|Any CPU.Build.0 = Release|Any CPU
		{266946C8-6DAB-4589-BB8C-B0C3AACA2846}.Debug|Any CPU.ActiveCfg = Debug|Any CPU
		{266946C8-6DAB-4589-BB8C-B0C3AACA2846}.Debug|Any CPU.Build.0 = Debug|Any CPU
		{266946C8-6DAB-4589-BB8C-B0C3AACA2846}.Release|Any CPU.ActiveCfg = Release|Any CPU
		{266946C8-6DAB-4589-BB8C-B0C3AACA2846}.Release|Any CPU.Build.0 = Release|Any CPU
	EndGlobalSection
	GlobalSection(SolutionProperties) = preSolution
		HideSolutionNode = FALSE
	EndGlobalSection
EndGlobal
